
Microsoft Visual Studio Solution File, Format Version 12.00
# Visual Studio Version 17
VisualStudioVersion = 17.9.34902.65
MinimumVisualStudioVersion = 10.0.40219.1
Project("{FAE04EC0-301F-11D3-BF4B-00C04F79EFBC}") = "Tarea2-Ejercicio#2", "Tarea2-Ejercicio#2\Tarea2-Ejercicio#2.csproj", "{624EE1EC-069F-4588-9FFF-8E1B75831AA2}"
EndProject
Global
	GlobalSection(SolutionConfigurationPlatforms) = preSolution
		Debug|Any CPU = Debug|Any CPU
		Release|Any CPU = Release|Any CPU
	EndGlobalSection
	GlobalSection(ProjectConfigurationPlatforms) = postSolution
		{624EE1EC-069F-4588-9FFF-8E1B75831AA2}.Debug|Any CPU.ActiveCfg = Debug|Any CPU
		{624EE1EC-069F-4588-9FFF-8E1B75831AA2}.Debug|Any CPU.Build.0 = Debug|Any CPU
		{624EE1EC-069F-4588-9FFF-8E1B75831AA2}.Release|Any CPU.ActiveCfg = Release|Any CPU
		{624EE1EC-069F-4588-9FFF-8E1B75831AA2}.Release|Any CPU.Build.0 = Release|Any CPU
	EndGlobalSection
	GlobalSection(SolutionProperties) = preSolution
		HideSolutionNode = FALSE
	EndGlobalSection
	GlobalSection(ExtensibilityGlobals) = postSolution
		SolutionGuid = {AC9A70DA-FD08-496C-8B36-8A1420CAB717}
	EndGlobalSection
EndGlobal
